{
  "name": "@lsp-installer/jsonls.tmp",
  "version": "1.0.0",
  "lockfileVersion": 2,
  "requires": true,
  "packages": {
    "": {
      "name": "@lsp-installer/jsonls.tmp",
      "version": "1.0.0",
      "license": "ISC",
      "dependencies": {
        "vscode-langservers-extracted": "^4.4.0"
      }
    },
    "node_modules/vscode-langservers-extracted": {
      "version": "4.4.0",
      "resolved": "https://registry.npmjs.org/vscode-langservers-extracted/-/vscode-langservers-extracted-4.4.0.tgz",
      "integrity": "sha512-sWXDFmAvXMUhF5E+6v4e77SwhVPSvdLxGGfkOz15LmAsfKoamKMnW7aARnu6mRWOzqz3hKJqVZN4hnCpdvtLKg==",
      "dependencies": {
        "core-js": "^3.20.1",
        "jsonc-parser": "^3.1.0",
        "regenerator-runtime": "^0.13.9",
        "request-light": "^0.5.8",
        "typescript": "^4.0.5",
        "vscode-css-languageservice": "^6.0.1",
        "vscode-html-languageservice": "^5.0.0",
        "vscode-json-languageservice": "^5.1.0",
        "vscode-languageserver": "^8.0.2",
        "vscode-languageserver-textdocument": "^1.0.5",
        "vscode-languageserver-types": "^3.17.2",
        "vscode-markdown-languageservice": "^0.0.0-alpha.10",
        "vscode-nls": "^5.0.1",
        "vscode-uri": "^3.0.3"
      },
      "bin": {
        "vscode-css-language-server": "bin/vscode-css-language-server",
        "vscode-eslint-language-server": "bin/vscode-eslint-language-server",
        "vscode-html-language-server": "bin/vscode-html-language-server",
        "vscode-json-language-server": "bin/vscode-json-language-server",
        "vscode-markdown-language-server": "bin/vscode-markdown-language-server"
      }
    },
    "node_modules/vscode-langservers-extracted/node_modules/core-js": {
      "version": "3.24.1",
      "resolved": "https://registry.npmjs.org/core-js/-/core-js-3.24.1.tgz",
      "integrity": "sha512-0QTBSYSUZ6Gq21utGzkfITDylE8jWC9Ne1D2MrhvlsZBI1x39OdDIVbzSqtgMndIy6BlHxBXpMGqzZmnztg2rg==",
      "hasInstallScript": true,
      "funding": {
        "type": "opencollective",
        "url": "https://opencollective.com/core-js"
      }
    },
    "node_modules/vscode-langservers-extracted/node_modules/jsonc-parser": {
      "version": "3.1.0",
      "resolved": "https://registry.npmjs.org/jsonc-parser/-/jsonc-parser-3.1.0.tgz",
      "integrity": "sha512-DRf0QjnNeCUds3xTjKlQQ3DpJD51GvDjJfnxUVWg6PZTo2otSm+slzNAxU/35hF8/oJIKoG9slq30JYOsF2azg=="
    },
    "node_modules/vscode-langservers-extracted/node_modules/picomatch": {
      "version": "2.3.1",
      "resolved": "https://registry.npmjs.org/picomatch/-/picomatch-2.3.1.tgz",
      "integrity": "sha512-JU3teHTNjmE2VCGFzuY8EXzCDVwEqB2a8fsIvwaStHhAWJEeVd1o1QD80CU6+ZdEXXSLbSsuLwJjkCBWqRQUVA==",
      "engines": {
        "node": ">=8.6"
      },
      "funding": {
        "url": "https://github.com/sponsors/jonschlinkert"
      }
    },
    "node_modules/vscode-langservers-extracted/node_modules/regenerator-runtime": {
      "version": "0.13.9",
      "resolved": "https://registry.npmjs.org/regenerator-runtime/-/regenerator-runtime-0.13.9.tgz",
      "integrity": "sha512-p3VT+cOEgxFsRRA9X4lkI1E+k2/CtnKtU4gcxyaCUreilL/vqI6CdZ3wxVUx3UOUg+gnUOQQcRI7BmSI656MYA=="
    },
    "node_modules/vscode-langservers-extracted/node_modules/request-light": {
      "version": "0.5.8",
      "resolved": "https://registry.npmjs.org/request-light/-/request-light-0.5.8.tgz",
      "integrity": "sha512-3Zjgh+8b5fhRJBQZoy+zbVKpAQGLyka0MPgW3zruTF4dFFJ8Fqcfu9YsAvi/rvdcaTeWG3MkbZv4WKxAn/84Lg=="
    },
    "node_modules/vscode-langservers-extracted/node_modules/typescript": {
      "version": "4.7.4",
      "resolved": "https://registry.npmjs.org/typescript/-/typescript-4.7.4.tgz",
      "integrity": "sha512-C0WQT0gezHuw6AdY1M2jxUO83Rjf0HP7Sk1DtXj6j1EwkQNZrHAg2XPWlq62oqEhYvONq5pkC2Y9oPljWToLmQ==",
      "bin": {
        "tsc": "bin/tsc",
        "tsserver": "bin/tsserver"
      },
      "engines": {
        "node": ">=4.2.0"
      }
    },
    "node_modules/vscode-langservers-extracted/node_modules/vscode-css-languageservice": {
      "version": "6.0.1",
      "resolved": "https://registry.npmjs.org/vscode-css-languageservice/-/vscode-css-languageservice-6.0.1.tgz",
      "integrity": "sha512-81n/eeYuJwQdvpoy6IK1258PtPbO720fl13FcJ5YQECPyHMFkmld1qKHwPJkyLbLPfboqJPM53ys4xW8v+iBVw==",
      "dependencies": {
        "vscode-languageserver-textdocument": "^1.0.4",
        "vscode-languageserver-types": "^3.17.1",
        "vscode-nls": "^5.0.1",
        "vscode-uri": "^3.0.3"
      }
    },
    "node_modules/vscode-langservers-extracted/node_modules/vscode-html-languageservice": {
      "version": "5.0.1",
      "resolved": "https://registry.npmjs.org/vscode-html-languageservice/-/vscode-html-languageservice-5.0.1.tgz",
      "integrity": "sha512-OYsyn5HGAhxs0OIG+M0jc34WnftLtD67Wg7+TfrYwvf0waOkkr13zUqtdrVm2JPNQ6fJx+qnuM+vTbq7o1dCdQ==",
      "dependencies": {
        "vscode-languageserver-textdocument": "^1.0.4",
        "vscode-languageserver-types": "^3.17.1",
        "vscode-nls": "^5.0.1",
        "vscode-uri": "^3.0.3"
      }
    },
    "node_modules/vscode-langservers-extracted/node_modules/vscode-json-languageservice": {
      "version": "5.1.0",
      "resolved": "https://registry.npmjs.org/vscode-json-languageservice/-/vscode-json-languageservice-5.1.0.tgz",
      "integrity": "sha512-D5612D7h/Gh4A0JmdttPveWzT9dur21WXvBHWKPdOt0sLO6ILz8vN6+IzWnvwDOVAEFTpzIAMVMZwbKZkwGGiA==",
      "dependencies": {
        "jsonc-parser": "^3.1.0",
        "vscode-languageserver-textdocument": "^1.0.4",
        "vscode-languageserver-types": "^3.17.1",
        "vscode-nls": "^5.0.1",
        "vscode-uri": "^3.0.3"
      }
    },
    "node_modules/vscode-langservers-extracted/node_modules/vscode-jsonrpc": {
      "version": "8.0.2",
      "resolved": "https://registry.npmjs.org/vscode-jsonrpc/-/vscode-jsonrpc-8.0.2.tgz",
      "integrity": "sha512-RY7HwI/ydoC1Wwg4gJ3y6LpU9FJRZAUnTYMXthqhFXXu77ErDd/xkREpGuk4MyYkk4a+XDWAMqe0S3KkelYQEQ==",
      "engines": {
        "node": ">=14.0.0"
      }
    },
    "node_modules/vscode-langservers-extracted/node_modules/vscode-languageserver": {
      "version": "8.0.2",
      "resolved": "https://registry.npmjs.org/vscode-languageserver/-/vscode-languageserver-8.0.2.tgz",
      "integrity": "sha512-bpEt2ggPxKzsAOZlXmCJ50bV7VrxwCS5BI4+egUmure/oI/t4OlFzi/YNtVvY24A2UDOZAgwFGgnZPwqSJubkA==",
      "dependencies": {
        "vscode-languageserver-protocol": "3.17.2"
      },
      "bin": {
        "installServerIntoExtension": "bin/installServerIntoExtension"
      }
    },
    "node_modules/vscode-langservers-extracted/node_modules/vscode-languageserver-protocol": {
      "version": "3.17.2",
      "resolved": "https://registry.npmjs.org/vscode-languageserver-protocol/-/vscode-languageserver-protocol-3.17.2.tgz",
      "integrity": "sha512-8kYisQ3z/SQ2kyjlNeQxbkkTNmVFoQCqkmGrzLH6A9ecPlgTbp3wDTnUNqaUxYr4vlAcloxx8zwy7G5WdguYNg==",
      "dependencies": {
        "vscode-jsonrpc": "8.0.2",
        "vscode-languageserver-types": "3.17.2"
      }
    },
    "node_modules/vscode-langservers-extracted/node_modules/vscode-languageserver-textdocument": {
      "version": "1.0.5",
      "resolved": "https://registry.npmjs.org/vscode-languageserver-textdocument/-/vscode-languageserver-textdocument-1.0.5.tgz",
      "integrity": "sha512-1ah7zyQjKBudnMiHbZmxz5bYNM9KKZYz+5VQLj+yr8l+9w3g+WAhCkUkWbhMEdC5u0ub4Ndiye/fDyS8ghIKQg=="
    },
    "node_modules/vscode-langservers-extracted/node_modules/vscode-languageserver-types": {
      "version": "3.17.2",
      "resolved": "https://registry.npmjs.org/vscode-languageserver-types/-/vscode-languageserver-types-3.17.2.tgz",
      "integrity": "sha512-zHhCWatviizPIq9B7Vh9uvrH6x3sK8itC84HkamnBWoDFJtzBf7SWlpLCZUit72b3os45h6RWQNC9xHRDF8dRA=="
    },
    "node_modules/vscode-langservers-extracted/node_modules/vscode-markdown-languageservice": {
      "version": "0.0.0-alpha.13",
      "resolved": "https://registry.npmjs.org/vscode-markdown-languageservice/-/vscode-markdown-languageservice-0.0.0-alpha.13.tgz",
      "integrity": "sha512-jgRVBQmdO0aC5Svap1RcAd3x2XOSNWla01GF/rzaVx9M5pEcel4SPz+2H9PYXul6jRKe1oKJF9OOciaiE7pSXQ==",
      "dependencies": {
        "picomatch": "^2.3.1",
        "vscode-languageserver-textdocument": "^1.0.5",
        "vscode-languageserver-types": "^3.17.1",
        "vscode-nls": "^5.0.1",
        "vscode-uri": "^3.0.3"
      },
      "engines": {
        "node": "*"
      }
    },
    "node_modules/vscode-langservers-extracted/node_modules/vscode-nls": {
      "version": "5.0.1",
      "resolved": "https://registry.npmjs.org/vscode-nls/-/vscode-nls-5.0.1.tgz",
      "integrity": "sha512-hHQV6iig+M21lTdItKPkJAaWrxALQb/nqpVffakO4knJOh3DrU2SXOMzUzNgo1eADPzu3qSsJY1weCzvR52q9A=="
    },
    "node_modules/vscode-langservers-extracted/node_modules/vscode-uri": {
      "version": "3.0.3",
      "resolved": "https://registry.npmjs.org/vscode-uri/-/vscode-uri-3.0.3.tgz",
      "integrity": "sha512-EcswR2S8bpR7fD0YPeS7r2xXExrScVMxg4MedACaWHEtx9ftCF/qHG1xGkolzTPcEmjTavCQgbVzHUIdTMzFGA=="
    }
  },
  "dependencies": {
    "vscode-langservers-extracted": {
      "version": "4.4.0",
      "resolved": "https://registry.npmjs.org/vscode-langservers-extracted/-/vscode-langservers-extracted-4.4.0.tgz",
      "integrity": "sha512-sWXDFmAvXMUhF5E+6v4e77SwhVPSvdLxGGfkOz15LmAsfKoamKMnW7aARnu6mRWOzqz3hKJqVZN4hnCpdvtLKg==",
      "requires": {
        "core-js": "^3.20.1",
        "jsonc-parser": "^3.1.0",
        "regenerator-runtime": "^0.13.9",
        "request-light": "^0.5.8",
        "typescript": "^4.0.5",
        "vscode-css-languageservice": "^6.0.1",
        "vscode-html-languageservice": "^5.0.0",
        "vscode-json-languageservice": "^5.1.0",
        "vscode-languageserver": "^8.0.2",
        "vscode-languageserver-textdocument": "^1.0.5",
        "vscode-languageserver-types": "^3.17.2",
        "vscode-markdown-languageservice": "^0.0.0-alpha.10",
        "vscode-nls": "^5.0.1",
        "vscode-uri": "^3.0.3"
      },
      "dependencies": {
        "core-js": {
          "version": "3.24.1",
          "resolved": "https://registry.npmjs.org/core-js/-/core-js-3.24.1.tgz",
          "integrity": "sha512-0QTBSYSUZ6Gq21utGzkfITDylE8jWC9Ne1D2MrhvlsZBI1x39OdDIVbzSqtgMndIy6BlHxBXpMGqzZmnztg2rg=="
        },
        "jsonc-parser": {
          "version": "3.1.0",
          "resolved": "https://registry.npmjs.org/jsonc-parser/-/jsonc-parser-3.1.0.tgz",
          "integrity": "sha512-DRf0QjnNeCUds3xTjKlQQ3DpJD51GvDjJfnxUVWg6PZTo2otSm+slzNAxU/35hF8/oJIKoG9slq30JYOsF2azg=="
        },
        "picomatch": {
          "version": "2.3.1",
          "resolved": "https://registry.npmjs.org/picomatch/-/picomatch-2.3.1.tgz",
          "integrity": "sha512-JU3teHTNjmE2VCGFzuY8EXzCDVwEqB2a8fsIvwaStHhAWJEeVd1o1QD80CU6+ZdEXXSLbSsuLwJjkCBWqRQUVA=="
        },
        "regenerator-runtime": {
          "version": "0.13.9",
          "resolved": "https://registry.npmjs.org/regenerator-runtime/-/regenerator-runtime-0.13.9.tgz",
          "integrity": "sha512-p3VT+cOEgxFsRRA9X4lkI1E+k2/CtnKtU4gcxyaCUreilL/vqI6CdZ3wxVUx3UOUg+gnUOQQcRI7BmSI656MYA=="
        },
        "request-light": {
          "version": "0.5.8",
          "resolved": "https://registry.npmjs.org/request-light/-/request-light-0.5.8.tgz",
          "integrity": "sha512-3Zjgh+8b5fhRJBQZoy+zbVKpAQGLyka0MPgW3zruTF4dFFJ8Fqcfu9YsAvi/rvdcaTeWG3MkbZv4WKxAn/84Lg=="
        },
        "typescript": {
          "version": "4.7.4",
          "resolved": "https://registry.npmjs.org/typescript/-/typescript-4.7.4.tgz",
          "integrity": "sha512-C0WQT0gezHuw6AdY1M2jxUO83Rjf0HP7Sk1DtXj6j1EwkQNZrHAg2XPWlq62oqEhYvONq5pkC2Y9oPljWToLmQ=="
        },
        "vscode-css-languageservice": {
          "version": "6.0.1",
          "resolved": "https://registry.npmjs.org/vscode-css-languageservice/-/vscode-css-languageservice-6.0.1.tgz",
          "integrity": "sha512-81n/eeYuJwQdvpoy6IK1258PtPbO720fl13FcJ5YQECPyHMFkmld1qKHwPJkyLbLPfboqJPM53ys4xW8v+iBVw==",
          "requires": {
            "vscode-languageserver-textdocument": "^1.0.4",
            "vscode-languageserver-types": "^3.17.1",
            "vscode-nls": "^5.0.1",
            "vscode-uri": "^3.0.3"
          }
        },
        "vscode-html-languageservice": {
          "version": "5.0.1",
          "resolved": "https://registry.npmjs.org/vscode-html-languageservice/-/vscode-html-languageservice-5.0.1.tgz",
          "integrity": "sha512-OYsyn5HGAhxs0OIG+M0jc34WnftLtD67Wg7+TfrYwvf0waOkkr13zUqtdrVm2JPNQ6fJx+qnuM+vTbq7o1dCdQ==",
          "requires": {
            "vscode-languageserver-textdocument": "^1.0.4",
            "vscode-languageserver-types": "^3.17.1",
            "vscode-nls": "^5.0.1",
            "vscode-uri": "^3.0.3"
          }
        },
        "vscode-json-languageservice": {
          "version": "5.1.0",
          "resolved": "https://registry.npmjs.org/vscode-json-languageservice/-/vscode-json-languageservice-5.1.0.tgz",
          "integrity": "sha512-D5612D7h/Gh4A0JmdttPveWzT9dur21WXvBHWKPdOt0sLO6ILz8vN6+IzWnvwDOVAEFTpzIAMVMZwbKZkwGGiA==",
          "requires": {
            "jsonc-parser": "^3.1.0",
            "vscode-languageserver-textdocument": "^1.0.4",
            "vscode-languageserver-types": "^3.17.1",
            "vscode-nls": "^5.0.1",
            "vscode-uri": "^3.0.3"
          }
        },
        "vscode-jsonrpc": {
          "version": "8.0.2",
          "resolved": "https://registry.npmjs.org/vscode-jsonrpc/-/vscode-jsonrpc-8.0.2.tgz",
          "integrity": "sha512-RY7HwI/ydoC1Wwg4gJ3y6LpU9FJRZAUnTYMXthqhFXXu77ErDd/xkREpGuk4MyYkk4a+XDWAMqe0S3KkelYQEQ=="
        },
        "vscode-languageserver": {
          "version": "8.0.2",
          "resolved": "https://registry.npmjs.org/vscode-languageserver/-/vscode-languageserver-8.0.2.tgz",
          "integrity": "sha512-bpEt2ggPxKzsAOZlXmCJ50bV7VrxwCS5BI4+egUmure/oI/t4OlFzi/YNtVvY24A2UDOZAgwFGgnZPwqSJubkA==",
          "requires": {
            "vscode-languageserver-protocol": "3.17.2"
          }
        },
        "vscode-languageserver-protocol": {
          "version": "3.17.2",
          "resolved": "https://registry.npmjs.org/vscode-languageserver-protocol/-/vscode-languageserver-protocol-3.17.2.tgz",
          "integrity": "sha512-8kYisQ3z/SQ2kyjlNeQxbkkTNmVFoQCqkmGrzLH6A9ecPlgTbp3wDTnUNqaUxYr4vlAcloxx8zwy7G5WdguYNg==",
          "requires": {
            "vscode-jsonrpc": "8.0.2",
            "vscode-languageserver-types": "3.17.2"
          }
        },
        "vscode-languageserver-textdocument": {
          "version": "1.0.5",
          "resolved": "https://registry.npmjs.org/vscode-languageserver-textdocument/-/vscode-languageserver-textdocument-1.0.5.tgz",
          "integrity": "sha512-1ah7zyQjKBudnMiHbZmxz5bYNM9KKZYz+5VQLj+yr8l+9w3g+WAhCkUkWbhMEdC5u0ub4Ndiye/fDyS8ghIKQg=="
        },
        "vscode-languageserver-types": {
          "version": "3.17.2",
          "resolved": "https://registry.npmjs.org/vscode-languageserver-types/-/vscode-languageserver-types-3.17.2.tgz",
          "integrity": "sha512-zHhCWatviizPIq9B7Vh9uvrH6x3sK8itC84HkamnBWoDFJtzBf7SWlpLCZUit72b3os45h6RWQNC9xHRDF8dRA=="
        },
        "vscode-markdown-languageservice": {
          "version": "0.0.0-alpha.13",
          "resolved": "https://registry.npmjs.org/vscode-markdown-languageservice/-/vscode-markdown-languageservice-0.0.0-alpha.13.tgz",
          "integrity": "sha512-jgRVBQmdO0aC5Svap1RcAd3x2XOSNWla01GF/rzaVx9M5pEcel4SPz+2H9PYXul6jRKe1oKJF9OOciaiE7pSXQ==",
          "requires": {
            "picomatch": "^2.3.1",
            "vscode-languageserver-textdocument": "^1.0.5",
            "vscode-languageserver-types": "^3.17.1",
            "vscode-nls": "^5.0.1",
            "vscode-uri": "^3.0.3"
          }
        },
        "vscode-nls": {
          "version": "5.0.1",
          "resolved": "https://registry.npmjs.org/vscode-nls/-/vscode-nls-5.0.1.tgz",
          "integrity": "sha512-hHQV6iig+M21lTdItKPkJAaWrxALQb/nqpVffakO4knJOh3DrU2SXOMzUzNgo1eADPzu3qSsJY1weCzvR52q9A=="
        },
        "vscode-uri": {
          "version": "3.0.3",
          "resolved": "https://registry.npmjs.org/vscode-uri/-/vscode-uri-3.0.3.tgz",
          "integrity": "sha512-EcswR2S8bpR7fD0YPeS7r2xXExrScVMxg4MedACaWHEtx9ftCF/qHG1xGkolzTPcEmjTavCQgbVzHUIdTMzFGA=="
        }
      }
    }
  }
}
