{
  "name": "polybar",
  "lockfileVersion": 2,
  "requires": true,
  "packages": {
    "": {
      "dependencies": {
        "spaceship-prompt": "^3.12.4"
      }
    },
    "node_modules/spaceship-prompt": {
      "version": "3.12.4",
      "resolved": "https://registry.npmjs.org/spaceship-prompt/-/spaceship-prompt-3.12.4.tgz",
      "integrity": "sha512-5QByWVSh7xIzK6OxkngH6ccIQDNcAlfcKdo4qsYYpnTZLEjocY4jJjdnqsmcvv6k4Vd6gn7Yi6nAVIvlJ6cvUg==",
      "hasInstallScript": true
    }
  },
  "dependencies": {
    "spaceship-prompt": {
      "version": "3.12.4",
      "resolved": "https://registry.npmjs.org/spaceship-prompt/-/spaceship-prompt-3.12.4.tgz",
      "integrity": "sha512-5QByWVSh7xIzK6OxkngH6ccIQDNcAlfcKdo4qsYYpnTZLEjocY4jJjdnqsmcvv6k4Vd6gn7Yi6nAVIvlJ6cvUg=="
    }
  }
}
